
Microsoft Visual Studio Solution File, Format Version 12.00
# Visual Studio Version 17
VisualStudioVersion = 17.4.33205.214
MinimumVisualStudioVersion = 10.0.40219.1
Project("{FAE04EC0-301F-11D3-BF4B-00C04F79EFBC}") = "Threads", "Threads\Threads.csproj", "{1E351283-E6E7-4F11-97C9-E502B5B5A2AE}"
EndProject
Global
	GlobalSection(SolutionConfigurationPlatforms) = preSolution
		Debug|Any CPU = Debug|Any CPU
		Release|Any CPU = Release|Any CPU
	EndGlobalSection
	GlobalSection(ProjectConfigurationPlatforms) = postSolution
		{1E351283-E6E7-4F11-97C9-E502B5B5A2AE}.Debug|Any CPU.ActiveCfg = Debug|Any CPU
		{1E351283-E6E7-4F11-97C9-E502B5B5A2AE}.Debug|Any CPU.Build.0 = Debug|Any CPU
		{1E351283-E6E7-4F11-97C9-E502B5B5A2AE}.Release|Any CPU.ActiveCfg = Release|Any CPU
		{1E351283-E6E7-4F11-97C9-E502B5B5A2AE}.Release|Any CPU.Build.0 = Release|Any CPU
	EndGlobalSection
	GlobalSection(SolutionProperties) = preSolution
		HideSolutionNode = FALSE
	EndGlobalSection
	GlobalSection(ExtensibilityGlobals) = postSolution
		SolutionGuid = {2DFD6CB6-8355-47AF-B4E7-6A4B50A355A1}
	EndGlobalSection
EndGlobal
